
Microsoft Visual Studio Solution File, Format Version 12.00
# Visual Studio Version 17
VisualStudioVersion = 17.1.32228.430
MinimumVisualStudioVersion = 10.0.40219.1
Project("{FAE04EC0-301F-11D3-BF4B-00C04F79EFBC}") = "graphicstry", "graphicstry\graphicstry.csproj", "{33C69DE8-F002-4772-A77F-15C9D6C48021}"
EndProject
Global
	GlobalSection(SolutionConfigurationPlatforms) = preSolution
		Debug|Any CPU = Debug|Any CPU
		Release|Any CPU = Release|Any CPU
	EndGlobalSection
	GlobalSection(ProjectConfigurationPlatforms) = postSolution
		{33C69DE8-F002-4772-A77F-15C9D6C48021}.Debug|Any CPU.ActiveCfg = Debug|Any CPU
		{33C69DE8-F002-4772-A77F-15C9D6C48021}.Debug|Any CPU.Build.0 = Debug|Any CPU
		{33C69DE8-F002-4772-A77F-15C9D6C48021}.Release|Any CPU.ActiveCfg = Release|Any CPU
		{33C69DE8-F002-4772-A77F-15C9D6C48021}.Release|Any CPU.Build.0 = Release|Any CPU
	EndGlobalSection
	GlobalSection(SolutionProperties) = preSolution
		HideSolutionNode = FALSE
	EndGlobalSection
	GlobalSection(ExtensibilityGlobals) = postSolution
		SolutionGuid = {0DEB9B8D-ABCC-4BA8-8152-BF2DA28D69F5}
	EndGlobalSection
EndGlobal
